
Microsoft Visual Studio Solution File, Format Version 11.00
# Visual Studio 2010
Project("{FAE04EC0-301F-11D3-BF4B-00C04F79EFBC}") = "Lab4_Group1", "Lab4_Group1\Lab4_Group1.csproj", "{D72FAA27-E595-422D-82C9-F6F8A209F437}"
EndProject
Global
	GlobalSection(SolutionConfigurationPlatforms) = preSolution
		Debug|Any CPU = Debug|Any CPU
		Release|Any CPU = Release|Any CPU
	EndGlobalSection
	GlobalSection(ProjectConfigurationPlatforms) = postSolution
		{D72FAA27-E595-422D-82C9-F6F8A209F437}.Debug|Any CPU.ActiveCfg = Debug|Any CPU
		{D72FAA27-E595-422D-82C9-F6F8A209F437}.Debug|Any CPU.Build.0 = Debug|Any CPU
		{D72FAA27-E595-422D-82C9-F6F8A209F437}.Release|Any CPU.ActiveCfg = Release|Any CPU
		{D72FAA27-E595-422D-82C9-F6F8A209F437}.Release|Any CPU.Build.0 = Release|Any CPU
	EndGlobalSection
	GlobalSection(SolutionProperties) = preSolution
		HideSolutionNode = FALSE
	EndGlobalSection
EndGlobal
