
Microsoft Visual Studio Solution File, Format Version 11.00
# Visual Studio 2010
Project("{FAE04EC0-301F-11D3-BF4B-00C04F79EFBC}") = "Question2", "Question2\Question2.csproj", "{4817BD64-FFC3-4210-89C3-39A3CA5FC368}"
EndProject
Global
	GlobalSection(SolutionConfigurationPlatforms) = preSolution
		Debug|Any CPU = Debug|Any CPU
		Release|Any CPU = Release|Any CPU
	EndGlobalSection
	GlobalSection(ProjectConfigurationPlatforms) = postSolution
		{4817BD64-FFC3-4210-89C3-39A3CA5FC368}.Debug|Any CPU.ActiveCfg = Debug|Any CPU
		{4817BD64-FFC3-4210-89C3-39A3CA5FC368}.Debug|Any CPU.Build.0 = Debug|Any CPU
		{4817BD64-FFC3-4210-89C3-39A3CA5FC368}.Release|Any CPU.ActiveCfg = Release|Any CPU
		{4817BD64-FFC3-4210-89C3-39A3CA5FC368}.Release|Any CPU.Build.0 = Release|Any CPU
	EndGlobalSection
	GlobalSection(SolutionProperties) = preSolution
		HideSolutionNode = FALSE
	EndGlobalSection
EndGlobal
