
Microsoft Visual Studio Solution File, Format Version 12.00
# Visual Studio 2013
VisualStudioVersion = 12.0.21005.1
MinimumVisualStudioVersion = 10.0.40219.1
Project("{FAE04EC0-301F-11D3-BF4B-00C04F79EFBC}") = "ISE0901_dom_1.consoleApp", "ISE0901_dom_1.consoleApp\ISE0901_dom_1.consoleApp.csproj", "{383C3E5C-D6E6-4C5C-9C00-CB40CE415D3F}"
EndProject
Global
	GlobalSection(SolutionConfigurationPlatforms) = preSolution
		Debug|Any CPU = Debug|Any CPU
		Release|Any CPU = Release|Any CPU
	EndGlobalSection
	GlobalSection(ProjectConfigurationPlatforms) = postSolution
		{383C3E5C-D6E6-4C5C-9C00-CB40CE415D3F}.Debug|Any CPU.ActiveCfg = Debug|Any CPU
		{383C3E5C-D6E6-4C5C-9C00-CB40CE415D3F}.Debug|Any CPU.Build.0 = Debug|Any CPU
		{383C3E5C-D6E6-4C5C-9C00-CB40CE415D3F}.Release|Any CPU.ActiveCfg = Release|Any CPU
		{383C3E5C-D6E6-4C5C-9C00-CB40CE415D3F}.Release|Any CPU.Build.0 = Release|Any CPU
	EndGlobalSection
	GlobalSection(SolutionProperties) = preSolution
		HideSolutionNode = FALSE
	EndGlobalSection
EndGlobal
