
Microsoft Visual Studio Solution File, Format Version 12.00
# Visual Studio 2013
VisualStudioVersion = 12.0.21005.1
MinimumVisualStudioVersion = 10.0.40219.1
Project("{E24C65DC-7377-472B-9ABA-BC803B73C61A}") = "WebSite8", "http://localhost:5169", "{B67509F2-CE96-4CCB-86CB-AB21750613C8}"
	ProjectSection(WebsiteProperties) = preProject
		UseIISExpress = "true"
		TargetFrameworkMoniker = ".NETFramework,Version%3Dv4.5"
		Debug.AspNetCompiler.VirtualPath = "/localhost_5169"
		Debug.AspNetCompiler.PhysicalPath = "..\..\..\..\Desktop\WebSite\WebSite8\"
		Debug.AspNetCompiler.TargetPath = "PrecompiledWeb\localhost_5169\"
		Debug.AspNetCompiler.Updateable = "true"
		Debug.AspNetCompiler.ForceOverwrite = "true"
		Debug.AspNetCompiler.FixedNames = "false"
		Debug.AspNetCompiler.Debug = "True"
		Release.AspNetCompiler.VirtualPath = "/localhost_5169"
		Release.AspNetCompiler.PhysicalPath = "..\..\..\..\Desktop\WebSite\WebSite8\"
		Release.AspNetCompiler.TargetPath = "PrecompiledWeb\localhost_5169\"
		Release.AspNetCompiler.Updateable = "true"
		Release.AspNetCompiler.ForceOverwrite = "true"
		Release.AspNetCompiler.FixedNames = "false"
		Release.AspNetCompiler.Debug = "False"
		SlnRelativePath = "..\..\..\..\Desktop\WebSite\WebSite8\"
		DefaultWebSiteLanguage = "Visual C#"
	EndProjectSection
EndProject
Global
	GlobalSection(SolutionConfigurationPlatforms) = preSolution
		Debug|Any CPU = Debug|Any CPU
	EndGlobalSection
	GlobalSection(ProjectConfigurationPlatforms) = postSolution
		{B67509F2-CE96-4CCB-86CB-AB21750613C8}.Debug|Any CPU.ActiveCfg = Debug|Any CPU
		{B67509F2-CE96-4CCB-86CB-AB21750613C8}.Debug|Any CPU.Build.0 = Debug|Any CPU
	EndGlobalSection
	GlobalSection(SolutionProperties) = preSolution
		HideSolutionNode = FALSE
	EndGlobalSection
EndGlobal
