
Microsoft Visual Studio Solution File, Format Version 12.00
# Visual Studio 2013
VisualStudioVersion = 12.0.31101.0
MinimumVisualStudioVersion = 10.0.40219.1
Project("{E24C65DC-7377-472B-9ABA-BC803B73C61A}") = "website3", "http://localhost:49434", "{11F464CA-75D3-4B58-B27E-380AB24E4CDA}"
	ProjectSection(WebsiteProperties) = preProject
		UseIISExpress = "true"
		TargetFrameworkMoniker = ".NETFramework,Version%3Dv3.0"
		Debug.AspNetCompiler.VirtualPath = "/localhost_49434"
		Debug.AspNetCompiler.PhysicalPath = "..\..\..\..\Desktop\C.NET\website3\"
		Debug.AspNetCompiler.TargetPath = "PrecompiledWeb\localhost_49434\"
		Debug.AspNetCompiler.Updateable = "true"
		Debug.AspNetCompiler.ForceOverwrite = "true"
		Debug.AspNetCompiler.FixedNames = "false"
		Debug.AspNetCompiler.Debug = "True"
		Release.AspNetCompiler.VirtualPath = "/localhost_49434"
		Release.AspNetCompiler.PhysicalPath = "..\..\..\..\Desktop\C.NET\website3\"
		Release.AspNetCompiler.TargetPath = "PrecompiledWeb\localhost_49434\"
		Release.AspNetCompiler.Updateable = "true"
		Release.AspNetCompiler.ForceOverwrite = "true"
		Release.AspNetCompiler.FixedNames = "false"
		Release.AspNetCompiler.Debug = "False"
		SlnRelativePath = "..\..\..\..\Desktop\C.NET\website3\"
		DefaultWebSiteLanguage = "Visual C#"
	EndProjectSection
EndProject
Global
	GlobalSection(SolutionConfigurationPlatforms) = preSolution
		Debug|Any CPU = Debug|Any CPU
	EndGlobalSection
	GlobalSection(ProjectConfigurationPlatforms) = postSolution
		{11F464CA-75D3-4B58-B27E-380AB24E4CDA}.Debug|Any CPU.ActiveCfg = Debug|Any CPU
		{11F464CA-75D3-4B58-B27E-380AB24E4CDA}.Debug|Any CPU.Build.0 = Debug|Any CPU
	EndGlobalSection
	GlobalSection(SolutionProperties) = preSolution
		HideSolutionNode = FALSE
	EndGlobalSection
EndGlobal
