
Microsoft Visual Studio Solution File, Format Version 12.00
# Visual Studio 2013
VisualStudioVersion = 12.0.21005.1
MinimumVisualStudioVersion = 10.0.40219.1
Project("{FAE04EC0-301F-11D3-BF4B-00C04F79EFBC}") = "FileDuy_1", "FileDuy_1\FileDuy_1.csproj", "{16CF9393-AAD2-4EEB-8C29-AF887262E70B}"
EndProject
Global
	GlobalSection(SolutionConfigurationPlatforms) = preSolution
		Debug|Any CPU = Debug|Any CPU
		Release|Any CPU = Release|Any CPU
	EndGlobalSection
	GlobalSection(ProjectConfigurationPlatforms) = postSolution
		{16CF9393-AAD2-4EEB-8C29-AF887262E70B}.Debug|Any CPU.ActiveCfg = Debug|Any CPU
		{16CF9393-AAD2-4EEB-8C29-AF887262E70B}.Debug|Any CPU.Build.0 = Debug|Any CPU
		{16CF9393-AAD2-4EEB-8C29-AF887262E70B}.Release|Any CPU.ActiveCfg = Release|Any CPU
		{16CF9393-AAD2-4EEB-8C29-AF887262E70B}.Release|Any CPU.Build.0 = Release|Any CPU
	EndGlobalSection
	GlobalSection(SolutionProperties) = preSolution
		HideSolutionNode = FALSE
	EndGlobalSection
EndGlobal
